
Microsoft Visual Studio Solution File, Format Version 12.00
# Visual Studio Version 17
VisualStudioVersion = 17.5.33424.131
MinimumVisualStudioVersion = 10.0.40219.1
Project("{FAE04EC0-301F-11D3-BF4B-00C04F79EFBC}") = "Del_ad", "Del_ad.csproj", "{5274AE87-85E6-483A-8E41-BEAD080E89AD}"
EndProject
Global
	GlobalSection(SolutionConfigurationPlatforms) = preSolution
		Debug|Any CPU = Debug|Any CPU
		Release|Any CPU = Release|Any CPU
	EndGlobalSection
	GlobalSection(ProjectConfigurationPlatforms) = postSolution
		{5274AE87-85E6-483A-8E41-BEAD080E89AD}.Debug|Any CPU.ActiveCfg = Debug|Any CPU
		{5274AE87-85E6-483A-8E41-BEAD080E89AD}.Debug|Any CPU.Build.0 = Debug|Any CPU
		{5274AE87-85E6-483A-8E41-BEAD080E89AD}.Release|Any CPU.ActiveCfg = Release|Any CPU
		{5274AE87-85E6-483A-8E41-BEAD080E89AD}.Release|Any CPU.Build.0 = Release|Any CPU
	EndGlobalSection
	GlobalSection(SolutionProperties) = preSolution
		HideSolutionNode = FALSE
	EndGlobalSection
	GlobalSection(ExtensibilityGlobals) = postSolution
		SolutionGuid = {F7EBE60F-EBAB-46D1-B9BF-81BCF8462321}
	EndGlobalSection
EndGlobal
